{
  "lockfile-version": 1,
  "manifest": {
    "version": 1,
    "install": {
      "gtk3": {
        "pkg-path": "gtk3"
      },
      "librsvg": {
        "pkg-path": "librsvg"
      },
      "nodejs": {
        "pkg-path": "nodejs"
      },
      "patchelf": {
        "pkg-path": "patchelf"
      },
      "pkg-config": {
        "pkg-path": "pkg-config"
      },
      "pnpm": {
        "pkg-path": "pnpm"
      },
      "webkitgtk_4_1": {
        "pkg-path": "webkitgtk_4_1"
      }
    },
    "hook": {},
    "profile": {},
    "options": {
      "systems": [
        "aarch64-linux",
        "x86_64-linux"
      ]
    }
  },
  "packages": [
    {
      "attr_path": "gtk3",
      "broken": false,
      "derivation": "/nix/store/09razr4zfkdsdbyg3gps6bnnzdrcch0p-gtk+3-3.24.51.drv",
      "description": "Multi-platform toolkit for creating graphical user interfaces",
      "install_id": "gtk3",
      "license": "LGPL-2.0-or-later",
      "locked_url": "https://github.com/flox/nixpkgs?rev=6201e203d09599479a3b3450ed24fa81537ebc4e",
      "name": "gtk+3-3.24.51",
      "pname": "gtk3",
      "rev": "6201e203d09599479a3b3450ed24fa81537ebc4e",
      "rev_count": 972949,
      "rev_date": "2026-04-01T09:47:46Z",
      "scrape_date": "2026-04-02T18:32:37.904162Z",
      "stabilities": [
        "staging",
        "unstable"
      ],
      "unfree": false,
      "version": "gtk+3-3.24.51",
      "outputs_to_install": [
        "out",
        "out"
      ],
      "outputs": {
        "debug": "/nix/store/0ckm1c2h23dckvs2a6br4skh1bwvvmfd-gtk+3-3.24.51-debug",
        "dev": "/nix/store/zhyrmb8002gi07db1vl05kvgwy06x03x-gtk+3-3.24.51-dev",
        "devdoc": "/nix/store/zcwvik1nbsv1lbd40v6gjjjn5sk3n9l1-gtk+3-3.24.51-devdoc",
        "out": "/nix/store/97mi1c7yknkdan2h08f5gi7accb1nn2q-gtk+3-3.24.51"
      },
      "system": "aarch64-linux",
      "group": "toplevel",
      "priority": 5
    },
    {
      "attr_path": "gtk3",
      "broken": false,
      "derivation": "/nix/store/dk2vzxnyv9j9dn0lp3aavgg4jr9n41rc-gtk+3-3.24.51.drv",
      "description": "Multi-platform toolkit for creating graphical user interfaces",
      "install_id": "gtk3",
      "license": "LGPL-2.0-or-later",
      "locked_url": "https://github.com/flox/nixpkgs?rev=6201e203d09599479a3b3450ed24fa81537ebc4e",
      "name": "gtk+3-3.24.51",
      "pname": "gtk3",
      "rev": "6201e203d09599479a3b3450ed24fa81537ebc4e",
      "rev_count": 972949,
      "rev_date": "2026-04-01T09:47:46Z",
      "scrape_date": "2026-04-02T19:36:34.259390Z",
      "stabilities": [
        "staging",
        "unstable"
      ],
      "unfree": false,
      "version": "gtk+3-3.24.51",
      "outputs_to_install": [
        "out",
        "out"
      ],
      "outputs": {
        "debug": "/nix/store/4q5whgmgixy5arrrdi915syjw4fyxc22-gtk+3-3.24.51-debug",
        "dev": "/nix/store/x4yjfzaslrwhk26qp242mnwdzidap7c8-gtk+3-3.24.51-dev",
        "devdoc": "/nix/store/5pp58sfnfxq1rq8icjd3jxx520dgj9ni-gtk+3-3.24.51-devdoc",
        "out": "/nix/store/yl5yl395iqx88kd1m7lx7p7b65n0jfx9-gtk+3-3.24.51"
      },
      "system": "x86_64-linux",
      "group": "toplevel",
      "priority": 5
    },
    {
      "attr_path": "librsvg",
      "broken": false,
      "derivation": "/nix/store/svp31c2df5rdb8s1p591vfdsyl6xx1n4-librsvg-2.61.4.drv",
      "description": "Small library to render SVG images to Cairo surfaces",
      "install_id": "librsvg",
      "license": "LGPL-2.0-or-later",
      "locked_url": "https://github.com/flox/nixpkgs?rev=6201e203d09599479a3b3450ed24fa81537ebc4e",
      "name": "librsvg-2.61.4",
      "pname": "librsvg",
      "rev": "6201e203d09599479a3b3450ed24fa81537ebc4e",
      "rev_count": 972949,
      "rev_date": "2026-04-01T09:47:46Z",
      "scrape_date": "2026-04-02T18:32:59.913043Z",
      "stabilities": [
        "staging",
        "unstable"
      ],
      "unfree": false,
      "version": "2.61.4",
      "outputs_to_install": [
        "out",
        "out"
      ],
      "outputs": {
        "dev": "/nix/store/j1p4cq0q0n2k8j3lcj7kqhlsif5m6qli-librsvg-2.61.4-dev",
        "devdoc": "/nix/store/iv9jvwks7fiaisz834bpzr4gja9fgiz9-librsvg-2.61.4-devdoc",
        "out": "/nix/store/a58kgik2yaf026sw63vcggmwd7s5kksg-librsvg-2.61.4"
      },
      "system": "aarch64-linux",
      "group": "toplevel",
      "priority": 5
    },
    {
      "attr_path": "librsvg",
      "broken": false,
      "derivation": "/nix/store/gw24b3hl242qaxk5v9h1m939hyp9iv9c-librsvg-2.61.4.drv",
      "description": "Small library to render SVG images to Cairo surfaces",
      "install_id": "librsvg",
      "license": "LGPL-2.0-or-later",
      "locked_url": "https://github.com/flox/nixpkgs?rev=6201e203d09599479a3b3450ed24fa81537ebc4e",
      "name": "librsvg-2.61.4",
      "pname": "librsvg",
      "rev": "6201e203d09599479a3b3450ed24fa81537ebc4e",
      "rev_count": 972949,
      "rev_date": "2026-04-01T09:47:46Z",
      "scrape_date": "2026-04-02T19:36:57.447022Z",
      "stabilities": [
        "staging",
        "unstable"
      ],
      "unfree": false,
      "version": "2.61.4",
      "outputs_to_install": [
        "out",
        "out"
      ],
      "outputs": {
        "dev": "/nix/store/d9bd603nwqq1jx39iagyabz4vwm5bp99-librsvg-2.61.4-dev",
        "devdoc": "/nix/store/cqm36s06pj0cpzalb83ik2f63wqf40v8-librsvg-2.61.4-devdoc",
        "out": "/nix/store/kn9lwgvdaa94nl9nsxx5p198gry21n03-librsvg-2.61.4"
      },
      "system": "x86_64-linux",
      "group": "toplevel",
      "priority": 5
    },
    {
      "attr_path": "nodejs",
      "broken": false,
      "derivation": "/nix/store/jj8rw2gnisil7dw10xi2qdinad9jqp7s-nodejs-24.14.0.drv",
      "description": "Event-driven I/O framework for the V8 JavaScript engine",
      "install_id": "nodejs",
      "license": "MIT",
      "locked_url": "https://github.com/flox/nixpkgs?rev=6201e203d09599479a3b3450ed24fa81537ebc4e",
      "name": "nodejs-24.14.0",
      "pname": "nodejs",
      "rev": "6201e203d09599479a3b3450ed24fa81537ebc4e",
      "rev_count": 972949,
      "rev_date": "2026-04-01T09:47:46Z",
      "scrape_date": "2026-04-02T18:33:12.000533Z",
      "stabilities": [
        "staging",
        "unstable"
      ],
      "unfree": false,
      "version": "24.14.0",
      "outputs_to_install": [
        "out"
      ],
      "outputs": {
        "out": "/nix/store/vs8zaq8fvbbjqfg4bzn424kn55sj7s7y-nodejs-24.14.0"
      },
      "system": "aarch64-linux",
      "group": "toplevel",
      "priority": 5
    },
    {
      "attr_path": "nodejs",
      "broken": false,
      "derivation": "/nix/store/15s1kk2n6vg180wg04wj2wgnl19f03v7-nodejs-24.14.0.drv",
      "description": "Event-driven I/O framework for the V8 JavaScript engine",
      "install_id": "nodejs",
      "license": "MIT",
      "locked_url": "https://github.com/flox/nixpkgs?rev=6201e203d09599479a3b3450ed24fa81537ebc4e",
      "name": "nodejs-24.14.0",
      "pname": "nodejs",
      "rev": "6201e203d09599479a3b3450ed24fa81537ebc4e",
      "rev_count": 972949,
      "rev_date": "2026-04-01T09:47:46Z",
      "scrape_date": "2026-04-02T19:37:11.708778Z",
      "stabilities": [
        "staging",
        "unstable"
      ],
      "unfree": false,
      "version": "24.14.0",
      "outputs_to_install": [
        "out"
      ],
      "outputs": {
        "out": "/nix/store/v2210ar51jddnrcx46m53ivv9palc26m-nodejs-24.14.0"
      },
      "system": "x86_64-linux",
      "group": "toplevel",
      "priority": 5
    },
    {
      "attr_path": "patchelf",
      "broken": false,
      "derivation": "/nix/store/f8w2azw0lfh7ch8pb2ppy34cv3fk1qwg-patchelf-0.15.2.drv",
      "description": "Small utility to modify the dynamic linker and RPATH of ELF executables",
      "install_id": "patchelf",
      "license": "GPL-3.0-or-later",
      "locked_url": "https://github.com/flox/nixpkgs?rev=6201e203d09599479a3b3450ed24fa81537ebc4e",
      "name": "patchelf-0.15.2",
      "pname": "patchelf",
      "rev": "6201e203d09599479a3b3450ed24fa81537ebc4e",
      "rev_count": 972949,
      "rev_date": "2026-04-01T09:47:46Z",
      "scrape_date": "2026-04-02T18:33:19.799187Z",
      "stabilities": [
        "staging",
        "unstable"
      ],
      "unfree": false,
      "version": "0.15.2",
      "outputs_to_install": [
        "out",
        "out"
      ],
      "outputs": {
        "out": "/nix/store/56dima09js5zsyxi3dhnkrhkffm3padq-patchelf-0.15.2"
      },
      "system": "aarch64-linux",
      "group": "toplevel",
      "priority": 5
    },
    {
      "attr_path": "patchelf",
      "broken": false,
      "derivation": "/nix/store/2di3qbz7daa5bv3ksm5d9gk0mxk7xxri-patchelf-0.15.2.drv",
      "description": "Small utility to modify the dynamic linker and RPATH of ELF executables",
      "install_id": "patchelf",
      "license": "GPL-3.0-or-later",
      "locked_url": "https://github.com/flox/nixpkgs?rev=6201e203d09599479a3b3450ed24fa81537ebc4e",
      "name": "patchelf-0.15.2",
      "pname": "patchelf",
      "rev": "6201e203d09599479a3b3450ed24fa81537ebc4e",
      "rev_count": 972949,
      "rev_date": "2026-04-01T09:47:46Z",
      "scrape_date": "2026-04-02T19:37:20.187924Z",
      "stabilities": [
        "staging",
        "unstable"
      ],
      "unfree": false,
      "version": "0.15.2",
      "outputs_to_install": [
        "out",
        "out"
      ],
      "outputs": {
        "out": "/nix/store/sj3f6y3j8m1831l0gqm1bsk1f46jzkfd-patchelf-0.15.2"
      },
      "system": "x86_64-linux",
      "group": "toplevel",
      "priority": 5
    },
    {
      "attr_path": "pkg-config",
      "broken": false,
      "derivation": "/nix/store/r0ibplv3qh6rzbsdjlrx56dxzijjrrjy-pkg-config-wrapper-0.29.2.drv",
      "description": "Tool that allows packages to find out information about other packages (wrapper script)",
      "install_id": "pkg-config",
      "license": "GPL-2.0-or-later",
      "locked_url": "https://github.com/flox/nixpkgs?rev=6201e203d09599479a3b3450ed24fa81537ebc4e",
      "name": "pkg-config-wrapper-0.29.2",
      "pname": "pkg-config",
      "rev": "6201e203d09599479a3b3450ed24fa81537ebc4e",
      "rev_count": 972949,
      "rev_date": "2026-04-01T09:47:46Z",
      "scrape_date": "2026-04-02T18:33:29.726865Z",
      "stabilities": [
        "staging",
        "unstable"
      ],
      "unfree": false,
      "version": "0.29.2",
      "outputs_to_install": [
        "man",
        "out",
        "out"
      ],
      "outputs": {
        "doc": "/nix/store/2lq06wb2lylkzp62iy6cdxf82mc6wyr3-pkg-config-wrapper-0.29.2-doc",
        "man": "/nix/store/akl65aihn0wi606lhp2mhwcv15cdirkm-pkg-config-wrapper-0.29.2-man",
        "out": "/nix/store/fs0gwnv2clqgf23rrlmy7hpdxxi8dipv-pkg-config-wrapper-0.29.2"
      },
      "system": "aarch64-linux",
      "group": "toplevel",
      "priority": 5
    },
    {
      "attr_path": "pkg-config",
      "broken": false,
      "derivation": "/nix/store/41c5s0jfm2ymy6zygf41mvww7lspjs59-pkg-config-wrapper-0.29.2.drv",
      "description": "Tool that allows packages to find out information about other packages (wrapper script)",
      "install_id": "pkg-config",
      "license": "GPL-2.0-or-later",
      "locked_url": "https://github.com/flox/nixpkgs?rev=6201e203d09599479a3b3450ed24fa81537ebc4e",
      "name": "pkg-config-wrapper-0.29.2",
      "pname": "pkg-config",
      "rev": "6201e203d09599479a3b3450ed24fa81537ebc4e",
      "rev_count": 972949,
      "rev_date": "2026-04-01T09:47:46Z",
      "scrape_date": "2026-04-02T19:37:30.854389Z",
      "stabilities": [
        "staging",
        "unstable"
      ],
      "unfree": false,
      "version": "0.29.2",
      "outputs_to_install": [
        "man",
        "out",
        "out"
      ],
      "outputs": {
        "doc": "/nix/store/ipyf6xmsjhs0nrl5vpmgwrxl94sp31b1-pkg-config-wrapper-0.29.2-doc",
        "man": "/nix/store/mqbmjcz3vv9gzaffi1bcpmwci9nkhq87-pkg-config-wrapper-0.29.2-man",
        "out": "/nix/store/d0immrndpxnhx32vcfbxngmnf7hmqyc3-pkg-config-wrapper-0.29.2"
      },
      "system": "x86_64-linux",
      "group": "toplevel",
      "priority": 5
    },
    {
      "attr_path": "pnpm",
      "broken": false,
      "derivation": "/nix/store/jqc69fv43sjsjv67a3xqrdpz9zjw5bhm-pnpm-10.33.0.drv",
      "description": "Fast, disk space efficient package manager for JavaScript",
      "install_id": "pnpm",
      "license": "MIT",
      "locked_url": "https://github.com/flox/nixpkgs?rev=6201e203d09599479a3b3450ed24fa81537ebc4e",
      "name": "pnpm-10.33.0",
      "pname": "pnpm",
      "rev": "6201e203d09599479a3b3450ed24fa81537ebc4e",
      "rev_count": 972949,
      "rev_date": "2026-04-01T09:47:46Z",
      "scrape_date": "2026-04-02T18:33:30.462824Z",
      "stabilities": [
        "staging",
        "unstable"
      ],
      "unfree": false,
      "version": "10.33.0",
      "outputs_to_install": [
        "out"
      ],
      "outputs": {
        "out": "/nix/store/5gj7nis9afj3qib78y8vwp5vh5rdr5wn-pnpm-10.33.0"
      },
      "system": "aarch64-linux",
      "group": "toplevel",
      "priority": 5
    },
    {
      "attr_path": "pnpm",
      "broken": false,
      "derivation": "/nix/store/rrmdv7a9p91v5x4qnmm0qq013995rg2j-pnpm-10.33.0.drv",
      "description": "Fast, disk space efficient package manager for JavaScript",
      "install_id": "pnpm",
      "license": "MIT",
      "locked_url": "https://github.com/flox/nixpkgs?rev=6201e203d09599479a3b3450ed24fa81537ebc4e",
      "name": "pnpm-10.33.0",
      "pname": "pnpm",
      "rev": "6201e203d09599479a3b3450ed24fa81537ebc4e",
      "rev_count": 972949,
      "rev_date": "2026-04-01T09:47:46Z",
      "scrape_date": "2026-04-02T19:37:31.642973Z",
      "stabilities": [
        "staging",
        "unstable"
      ],
      "unfree": false,
      "version": "10.33.0",
      "outputs_to_install": [
        "out"
      ],
      "outputs": {
        "out": "/nix/store/qlbqwsia8a9rk3cp6v58y1x58c0j2wyk-pnpm-10.33.0"
      },
      "system": "x86_64-linux",
      "group": "toplevel",
      "priority": 5
    },
    {
      "attr_path": "webkitgtk_4_1",
      "broken": false,
      "derivation": "/nix/store/7ix3fizm1464z8j2qifihfpf8mwnd71l-webkitgtk-2.52.1+abi=4.1.drv",
      "description": "Web content rendering engine, GTK port",
      "install_id": "webkitgtk_4_1",
      "license": "BSD-2-Clause",
      "locked_url": "https://github.com/flox/nixpkgs?rev=6201e203d09599479a3b3450ed24fa81537ebc4e",
      "name": "webkitgtk-2.52.1+abi=4.1",
      "pname": "webkitgtk_4_1",
      "rev": "6201e203d09599479a3b3450ed24fa81537ebc4e",
      "rev_count": 972949,
      "rev_date": "2026-04-01T09:47:46Z",
      "scrape_date": "2026-04-02T18:36:00.940052Z",
      "stabilities": [
        "staging",
        "unstable"
      ],
      "unfree": false,
      "version": "2.52.1+abi=4.1",
      "outputs_to_install": [
        "out",
        "out"
      ],
      "outputs": {
        "debug": "/nix/store/2s8m96ivyyzns6azqqxm9vskdiwy032a-webkitgtk-2.52.1+abi=4.1-debug",
        "dev": "/nix/store/k3pai1p78969fcl9xcgplrd87inr2kcs-webkitgtk-2.52.1+abi=4.1-dev",
        "devdoc": "/nix/store/nq1hdnsiavldc1ya2v9iizfmihwm8dnd-webkitgtk-2.52.1+abi=4.1-devdoc",
        "out": "/nix/store/y03in5cd7cqhbk1i97xq8i39lp76l28k-webkitgtk-2.52.1+abi=4.1"
      },
      "system": "aarch64-linux",
      "group": "toplevel",
      "priority": 5
    },
    {
      "attr_path": "webkitgtk_4_1",
      "broken": false,
      "derivation": "/nix/store/vl9cqnhvs0a72h5zx39yn1wmx4agdzn4-webkitgtk-2.52.1+abi=4.1.drv",
      "description": "Web content rendering engine, GTK port",
      "install_id": "webkitgtk_4_1",
      "license": "BSD-2-Clause",
      "locked_url": "https://github.com/flox/nixpkgs?rev=6201e203d09599479a3b3450ed24fa81537ebc4e",
      "name": "webkitgtk-2.52.1+abi=4.1",
      "pname": "webkitgtk_4_1",
      "rev": "6201e203d09599479a3b3450ed24fa81537ebc4e",
      "rev_count": 972949,
      "rev_date": "2026-04-01T09:47:46Z",
      "scrape_date": "2026-04-02T19:40:13.306313Z",
      "stabilities": [
        "staging",
        "unstable"
      ],
      "unfree": false,
      "version": "2.52.1+abi=4.1",
      "outputs_to_install": [
        "out",
        "out"
      ],
      "outputs": {
        "debug": "/nix/store/daqmnrm7ahvp5bsyb09lw88rp0bmpb7x-webkitgtk-2.52.1+abi=4.1-debug",
        "dev": "/nix/store/667m8qpqck2qpd6psbl31l43bh9n0jw8-webkitgtk-2.52.1+abi=4.1-dev",
        "devdoc": "/nix/store/fbb08fwvqhb1j1y1p30y25aqd97z5555-webkitgtk-2.52.1+abi=4.1-devdoc",
        "out": "/nix/store/j7p0f75r22zcvvpvqz6c1gaiipfvjk3q-webkitgtk-2.52.1+abi=4.1"
      },
      "system": "x86_64-linux",
      "group": "toplevel",
      "priority": 5
    }
  ]
}
